<?xml version="1.0" encoding="utf-8"?>
<Project ToolsVersion="4.0" xmlns="http://schemas.microsoft.com/developer/msbuild/2003">
  <ItemGroup>
    <Filter Include="소스 파일">
      <UniqueIdentifier>{4FC737F1-C7A5-4376-A066-2A32D752A2FF}</UniqueIdentifier>
      <Extensions>cpp;c;cc;cxx;c++;cppm;ixx;def;odl;idl;hpj;bat;asm;asmx</Extensions>
    </Filter>
    <Filter Include="헤더 파일">
      <UniqueIdentifier>{93995380-89BD-4b04-88EB-625FBE52EBFB}</UniqueIdentifier>
      <Extensions>h;hh;hpp;hxx;h++;hm;inl;inc;ipp;xsd</Extensions>
    </Filter>
    <Filter Include="리소스 파일">
      <UniqueIdentifier>{67DA6AB6-F800-4c08-8B7A-83BB121AAD01}</UniqueIdentifier>
      <Extensions>rc;ico;cur;bmp;dlg;rc2;rct;bin;rgs;gif;jpg;jpeg;jpe;resx;tiff;tif;png;wav;mfcribbon-ms</Extensions>
    </Filter>
    <Filter Include="Assimp">
      <UniqueIdentifier>{4d7eb8ef-2136-405e-86a4-5f1daf3ab55c}</UniqueIdentifier>
    </Filter>
    <Filter Include="nlohmann_json">
      <UniqueIdentifier>{4d7a696b-5ae4-42f1-a448-ef7686e0a33b}</UniqueIdentifier>
    </Filter>
  </ItemGroup>
  <ItemGroup>
    <ClCompile Include="main.cpp">
      <Filter>소스 파일</Filter>
    </ClCompile>
    <ClCompile Include="stdafx.cpp">
      <Filter>소스 파일</Filter>
    </ClCompile>
    <ClCompile Include="AssimpConverter.cpp">
      <Filter>소스 파일</Filter>
    </ClCompile>
  </ItemGroup>
  <ItemGroup>
    <ClInclude Include="stdafx.h">
      <Filter>헤더 파일</Filter>
    </ClInclude>
    <ClInclude Include="..\Assimp\assimp\TinyFormatter.h">
      <Filter>Assimp</Filter>
    </ClInclude>
    <ClInclude Include="..\Assimp\assimp\types.h">
      <Filter>Assimp</Filter>
    </ClInclude>
    <ClInclude Include="..\Assimp\assimp\vector2.h">
      <Filter>Assimp</Filter>
    </ClInclude>
    <ClInclude Include="..\Assimp\assimp\vector3.h">
      <Filter>Assimp</Filter>
    </ClInclude>
    <ClInclude Include="..\Assimp\assimp\version.h">
      <Filter>Assimp</Filter>
    </ClInclude>
    <ClInclude Include="..\Assimp\assimp\Vertex.h">
      <Filter>Assimp</Filter>
    </ClInclude>
    <ClInclude Include="..\Assimp\assimp\XmlParser.h">
      <Filter>Assimp</Filter>
    </ClInclude>
    <ClInclude Include="..\Assimp\assimp\XMLTools.h">
      <Filter>Assimp</Filter>
    </ClInclude>
    <ClInclude Include="..\Assimp\assimp\ZipArchiveIOSystem.h">
      <Filter>Assimp</Filter>
    </ClInclude>
    <ClInclude Include="..\Assimp\assimp\aabb.h">
      <Filter>Assimp</Filter>
    </ClInclude>
    <ClInclude Include="..\Assimp\assimp\ai_assert.h">
      <Filter>Assimp</Filter>
    </ClInclude>
    <ClInclude Include="..\Assimp\assimp\anim.h">
      <Filter>Assimp</Filter>
    </ClInclude>
    <ClInclude Include="..\Assimp\assimp\AssertHandler.h">
      <Filter>Assimp</Filter>
    </ClInclude>
    <ClInclude Include="..\Assimp\assimp\Base64.hpp">
      <Filter>Assimp</Filter>
    </ClInclude>
    <ClInclude Include="..\Assimp\assimp\BaseImporter.h">
      <Filter>Assimp</Filter>
    </ClInclude>
    <ClInclude Include="..\Assimp\assimp\Bitmap.h">
      <Filter>Assimp</Filter>
    </ClInclude>
    <ClInclude Include="..\Assimp\assimp\BlobIOSystem.h">
      <Filter>Assimp</Filter>
    </ClInclude>
    <ClInclude Include="..\Assimp\assimp\ByteSwapper.h">
      <Filter>Assimp</Filter>
    </ClInclude>
    <ClInclude Include="..\Assimp\assimp\camera.h">
      <Filter>Assimp</Filter>
    </ClInclude>
    <ClInclude Include="..\Assimp\assimp\cexport.h">
      <Filter>Assimp</Filter>
    </ClInclude>
    <ClInclude Include="..\Assimp\assimp\cfileio.h">
      <Filter>Assimp</Filter>
    </ClInclude>
    <ClInclude Include="..\Assimp\assimp\cimport.h">
      <Filter>Assimp</Filter>
    </ClInclude>
    <ClInclude Include="..\Assimp\assimp\ColladaMetaData.h">
      <Filter>Assimp</Filter>
    </ClInclude>
    <ClInclude Include="..\Assimp\assimp\color4.h">
      <Filter>Assimp</Filter>
    </ClInclude>
    <ClInclude Include="..\Assimp\assimp\commonMetaData.h">
      <Filter>Assimp</Filter>
    </ClInclude>
    <ClInclude Include="..\Assimp\assimp\config.h">
      <Filter>Assimp</Filter>
    </ClInclude>
    <ClInclude Include="..\Assimp\assimp\CreateAnimMesh.h">
      <Filter>Assimp</Filter>
    </ClInclude>
    <ClInclude Include="..\Assimp\assimp\DefaultIOStream.h">
      <Filter>Assimp</Filter>
    </ClInclude>
    <ClInclude Include="..\Assimp\assimp\DefaultIOSystem.h">
      <Filter>Assimp</Filter>
    </ClInclude>
    <ClInclude Include="..\Assimp\assimp\DefaultLogger.hpp">
      <Filter>Assimp</Filter>
    </ClInclude>
    <ClInclude Include="..\Assimp\assimp\defs.h">
      <Filter>Assimp</Filter>
    </ClInclude>
    <ClInclude Include="..\Assimp\assimp\Exceptional.h">
      <Filter>Assimp</Filter>
    </ClInclude>
    <ClInclude Include="..\Assimp\assimp\Exporter.hpp">
      <Filter>Assimp</Filter>
    </ClInclude>
    <ClInclude Include="..\Assimp\assimp\fast_atof.h">
      <Filter>Assimp</Filter>
    </ClInclude>
    <ClInclude Include="..\Assimp\assimp\GenericProperty.h">
      <Filter>Assimp</Filter>
    </ClInclude>
    <ClInclude Include="..\Assimp\assimp\GltfMaterial.h">
      <Filter>Assimp</Filter>
    </ClInclude>
    <ClInclude Include="..\Assimp\assimp\Hash.h">
      <Filter>Assimp</Filter>
    </ClInclude>
    <ClInclude Include="..\Assimp\assimp\Importer.hpp">
      <Filter>Assimp</Filter>
    </ClInclude>
    <ClInclude Include="..\Assimp\assimp\importerdesc.h">
      <Filter>Assimp</Filter>
    </ClInclude>
    <ClInclude Include="..\Assimp\assimp\IOStream.hpp">
      <Filter>Assimp</Filter>
    </ClInclude>
    <ClInclude Include="..\Assimp\assimp\IOStreamBuffer.h">
      <Filter>Assimp</Filter>
    </ClInclude>
    <ClInclude Include="..\Assimp\assimp\IOSystem.hpp">
      <Filter>Assimp</Filter>
    </ClInclude>
    <ClInclude Include="..\Assimp\assimp\light.h">
      <Filter>Assimp</Filter>
    </ClInclude>
    <ClInclude Include="..\Assimp\assimp\LineSplitter.h">
      <Filter>Assimp</Filter>
    </ClInclude>
    <ClInclude Include="..\Assimp\assimp\LogAux.h">
      <Filter>Assimp</Filter>
    </ClInclude>
    <ClInclude Include="..\Assimp\assimp\Logger.hpp">
      <Filter>Assimp</Filter>
    </ClInclude>
    <ClInclude Include="..\Assimp\assimp\LogStream.hpp">
      <Filter>Assimp</Filter>
    </ClInclude>
    <ClInclude Include="..\Assimp\assimp\material.h">
      <Filter>Assimp</Filter>
    </ClInclude>
    <ClInclude Include="..\Assimp\assimp\MathFunctions.h">
      <Filter>Assimp</Filter>
    </ClInclude>
    <ClInclude Include="..\Assimp\assimp\matrix3x3.h">
      <Filter>Assimp</Filter>
    </ClInclude>
    <ClInclude Include="..\Assimp\assimp\matrix4x4.h">
      <Filter>Assimp</Filter>
    </ClInclude>
    <ClInclude Include="..\Assimp\assimp\MemoryIOWrapper.h">
      <Filter>Assimp</Filter>
    </ClInclude>
    <ClInclude Include="..\Assimp\assimp\mesh.h">
      <Filter>Assimp</Filter>
    </ClInclude>
    <ClInclude Include="..\Assimp\assimp\metadata.h">
      <Filter>Assimp</Filter>
    </ClInclude>
    <ClInclude Include="..\Assimp\assimp\NullLogger.hpp">
      <Filter>Assimp</Filter>
    </ClInclude>
    <ClInclude Include="..\Assimp\assimp\ObjMaterial.h">
      <Filter>Assimp</Filter>
    </ClInclude>
    <ClInclude Include="..\Assimp\assimp\ParsingUtils.h">
      <Filter>Assimp</Filter>
    </ClInclude>
    <ClInclude Include="..\Assimp\assimp\pbrmaterial.h">
      <Filter>Assimp</Filter>
    </ClInclude>
    <ClInclude Include="..\Assimp\assimp\postprocess.h">
      <Filter>Assimp</Filter>
    </ClInclude>
    <ClInclude Include="..\Assimp\assimp\Profiler.h">
      <Filter>Assimp</Filter>
    </ClInclude>
    <ClInclude Include="..\Assimp\assimp\ProgressHandler.hpp">
      <Filter>Assimp</Filter>
    </ClInclude>
    <ClInclude Include="..\Assimp\assimp\qnan.h">
      <Filter>Assimp</Filter>
    </ClInclude>
    <ClInclude Include="..\Assimp\assimp\quaternion.h">
      <Filter>Assimp</Filter>
    </ClInclude>
    <ClInclude Include="..\Assimp\assimp\RemoveComments.h">
      <Filter>Assimp</Filter>
    </ClInclude>
    <ClInclude Include="..\Assimp\assimp\revision.h">
      <Filter>Assimp</Filter>
    </ClInclude>
    <ClInclude Include="..\Assimp\assimp\scene.h">
      <Filter>Assimp</Filter>
    </ClInclude>
    <ClInclude Include="..\Assimp\assimp\SceneCombiner.h">
      <Filter>Assimp</Filter>
    </ClInclude>
    <ClInclude Include="..\Assimp\assimp\SGSpatialSort.h">
      <Filter>Assimp</Filter>
    </ClInclude>
    <ClInclude Include="..\Assimp\assimp\SkeletonMeshBuilder.h">
      <Filter>Assimp</Filter>
    </ClInclude>
    <ClInclude Include="..\Assimp\assimp\SmallVector.h">
      <Filter>Assimp</Filter>
    </ClInclude>
    <ClInclude Include="..\Assimp\assimp\SmoothingGroups.h">
      <Filter>Assimp</Filter>
    </ClInclude>
    <ClInclude Include="..\Assimp\assimp\SpatialSort.h">
      <Filter>Assimp</Filter>
    </ClInclude>
    <ClInclude Include="..\Assimp\assimp\StandardShapes.h">
      <Filter>Assimp</Filter>
    </ClInclude>
    <ClInclude Include="..\Assimp\assimp\StreamReader.h">
      <Filter>Assimp</Filter>
    </ClInclude>
    <ClInclude Include="..\Assimp\assimp\StreamWriter.h">
      <Filter>Assimp</Filter>
    </ClInclude>
    <ClInclude Include="..\Assimp\assimp\StringComparison.h">
      <Filter>Assimp</Filter>
    </ClInclude>
    <ClInclude Include="..\Assimp\assimp\StringUtils.h">
      <Filter>Assimp</Filter>
    </ClInclude>
    <ClInclude Include="..\Assimp\assimp\Subdivision.h">
      <Filter>Assimp</Filter>
    </ClInclude>
    <ClInclude Include="..\Assimp\assimp\texture.h">
      <Filter>Assimp</Filter>
    </ClInclude>
    <ClInclude Include="AssimpConverter.h">
      <Filter>헤더 파일</Filter>
    </ClInclude>
    <ClInclude Include="nlohmann_json\json.hpp">
      <Filter>nlohmann_json</Filter>
    </ClInclude>
    <ClInclude Include="nlohmann_json\json_fwd.hpp">
      <Filter>nlohmann_json</Filter>
    </ClInclude>
    <ClInclude Include="resource.h">
      <Filter>헤더 파일</Filter>
    </ClInclude>
  </ItemGroup>
  <ItemGroup>
    <None Include="..\Assimp\assimp\vector2.inl">
      <Filter>Assimp</Filter>
    </None>
    <None Include="..\Assimp\assimp\vector3.inl">
      <Filter>Assimp</Filter>
    </None>
    <None Include="..\Assimp\assimp\color4.inl">
      <Filter>Assimp</Filter>
    </None>
    <None Include="..\Assimp\assimp\config.h.in">
      <Filter>Assimp</Filter>
    </None>
    <None Include="..\Assimp\assimp\material.inl">
      <Filter>Assimp</Filter>
    </None>
    <None Include="..\Assimp\assimp\matrix3x3.inl">
      <Filter>Assimp</Filter>
    </None>
    <None Include="..\Assimp\assimp\matrix4x4.inl">
      <Filter>Assimp</Filter>
    </None>
    <None Include="..\Assimp\assimp\module.modulemap">
      <Filter>Assimp</Filter>
    </None>
    <None Include="..\Assimp\assimp\quaternion.inl">
      <Filter>Assimp</Filter>
    </None>
    <None Include="..\Assimp\assimp\revision.h.in">
      <Filter>Assimp</Filter>
    </None>
    <None Include="..\Assimp\assimp\SmoothingGroups.inl">
      <Filter>Assimp</Filter>
    </None>
  </ItemGroup>
  <ItemGroup>
    <ResourceCompile Include="AssimpConverter.rc">
      <Filter>리소스 파일</Filter>
    </ResourceCompile>
  </ItemGroup>
</Project>